
Microsoft Visual Studio Solution File, Format Version 12.00
# Visual Studio Version 16
VisualStudioVersion = 16.0.32901.82
MinimumVisualStudioVersion = 10.0.40219.1
Project("{FAE04EC0-301F-11D3-BF4B-00C04F79EFBC}") = "NES", "NES\NES.csproj", "{C5656D31-4F41-40BD-9E63-0D661D858070}"
EndProject
Project("{FAE04EC0-301F-11D3-BF4B-00C04F79EFBC}") = "NESTest", "NESTest\NESTest.csproj", "{A6CEAA89-ED04-43D1-93FE-C714583842BC}"
EndProject
Project("{FAE04EC0-301F-11D3-BF4B-00C04F79EFBC}") = "VideoTest", "VideoTest\VideoTest.csproj", "{CBEABC41-92CA-40ED-9921-7DA003E47D95}"
EndProject
Project("{FAE04EC0-301F-11D3-BF4B-00C04F79EFBC}") = "NESVideo", "NESVideo\NESVideo.csproj", "{7D388680-A2B5-43E9-8802-67CB2D1AAAFE}"
EndProject
Global
	GlobalSection(SolutionConfigurationPlatforms) = preSolution
		Debug|Any CPU = Debug|Any CPU
		Release|Any CPU = Release|Any CPU
	EndGlobalSection
	GlobalSection(ProjectConfigurationPlatforms) = postSolution
		{C5656D31-4F41-40BD-9E63-0D661D858070}.Debug|Any CPU.ActiveCfg = Debug|Any CPU
		{C5656D31-4F41-40BD-9E63-0D661D858070}.Debug|Any CPU.Build.0 = Debug|Any CPU
		{C5656D31-4F41-40BD-9E63-0D661D858070}.Release|Any CPU.ActiveCfg = Release|Any CPU
		{C5656D31-4F41-40BD-9E63-0D661D858070}.Release|Any CPU.Build.0 = Release|Any CPU
		{A6CEAA89-ED04-43D1-93FE-C714583842BC}.Debug|Any CPU.ActiveCfg = Debug|Any CPU
		{A6CEAA89-ED04-43D1-93FE-C714583842BC}.Debug|Any CPU.Build.0 = Debug|Any CPU
		{A6CEAA89-ED04-43D1-93FE-C714583842BC}.Release|Any CPU.ActiveCfg = Release|Any CPU
		{A6CEAA89-ED04-43D1-93FE-C714583842BC}.Release|Any CPU.Build.0 = Release|Any CPU
		{CBEABC41-92CA-40ED-9921-7DA003E47D95}.Debug|Any CPU.ActiveCfg = Debug|Any CPU
		{CBEABC41-92CA-40ED-9921-7DA003E47D95}.Debug|Any CPU.Build.0 = Debug|Any CPU
		{CBEABC41-92CA-40ED-9921-7DA003E47D95}.Release|Any CPU.ActiveCfg = Release|Any CPU
		{CBEABC41-92CA-40ED-9921-7DA003E47D95}.Release|Any CPU.Build.0 = Release|Any CPU
		{7D388680-A2B5-43E9-8802-67CB2D1AAAFE}.Debug|Any CPU.ActiveCfg = Debug|Any CPU
		{7D388680-A2B5-43E9-8802-67CB2D1AAAFE}.Debug|Any CPU.Build.0 = Debug|Any CPU
		{7D388680-A2B5-43E9-8802-67CB2D1AAAFE}.Release|Any CPU.ActiveCfg = Release|Any CPU
		{7D388680-A2B5-43E9-8802-67CB2D1AAAFE}.Release|Any CPU.Build.0 = Release|Any CPU
	EndGlobalSection
	GlobalSection(SolutionProperties) = preSolution
		HideSolutionNode = FALSE
	EndGlobalSection
	GlobalSection(ExtensibilityGlobals) = postSolution
		SolutionGuid = {9DC940BC-943D-4F91-8276-8F6C43D32109}
	EndGlobalSection
EndGlobal
